// !$*UTF8*$!
{
	archiveVersion = 1;
	classes = {
	};
	objectVersion = 56;
	objects = {

/* Begin PBXBuildFile section */
		D30A7D852BE8F11400325A76 /* AppDelegate.swift in Sources */ = {isa = PBXBuildFile; fileRef = D30A7D842BE8F11400325A76 /* AppDelegate.swift */; };
		D30A7D8E2BE8F11500325A76 /* Assets.xcassets in Resources */ = {isa = PBXBuildFile; fileRef = D30A7D8D2BE8F11500325A76 /* Assets.xcassets */; };
		D30A7D912BE8F11500325A76 /* LaunchScreen.storyboard in Resources */ = {isa = PBXBuildFile; fileRef = D30A7D8F2BE8F11500325A76 /* LaunchScreen.storyboard */; };
		D30A7D9D2BE8F82C00325A76 /* PinLayout in Frameworks */ = {isa = PBXBuildFile; productRef = D30A7D9C2BE8F82C00325A76 /* PinLayout */; };
		D30A7DA62BE8FB7600325A76 /* Design.swift in Sources */ = {isa = PBXBuildFile; fileRef = D30A7DA52BE8FB7600325A76 /* Design.swift */; };
		D30A7DAF2BE8FCB400325A76 /* UINavigationController+Completion.swift in Sources */ = {isa = PBXBuildFile; fileRef = D30A7DA82BE8FCB400325A76 /* UINavigationController+Completion.swift */; };
		D30A7DB02BE8FCB400325A76 /* UIView+Debug.swift in Sources */ = {isa = PBXBuildFile; fileRef = D30A7DA92BE8FCB400325A76 /* UIView+Debug.swift */; };
		D30A7DB12BE8FCB400325A76 /* UIViewController+Helpers.swift in Sources */ = {isa = PBXBuildFile; fileRef = D30A7DAA2BE8FCB400325A76 /* UIViewController+Helpers.swift */; };
		D30A7DB22BE8FCB400325A76 /* UIView+BoundingRect.swift in Sources */ = {isa = PBXBuildFile; fileRef = D30A7DAB2BE8FCB400325A76 /* UIView+BoundingRect.swift */; };
		D30A7DB32BE8FCB400325A76 /* UIApplication+KeyWindow.swift in Sources */ = {isa = PBXBuildFile; fileRef = D30A7DAC2BE8FCB400325A76 /* UIApplication+KeyWindow.swift */; };
		D30A7DB42BE8FCB400325A76 /* UIColor+Components.swift in Sources */ = {isa = PBXBuildFile; fileRef = D30A7DAD2BE8FCB400325A76 /* UIColor+Components.swift */; };
		D30A7DB52BE8FCB400325A76 /* UIImage+.swift in Sources */ = {isa = PBXBuildFile; fileRef = D30A7DAE2BE8FCB400325A76 /* UIImage+.swift */; };
		D30A7DBD2BE8FE6500325A76 /* BaseViewController.swift in Sources */ = {isa = PBXBuildFile; fileRef = D30A7DB72BE8FE6500325A76 /* BaseViewController.swift */; };
		D30A7DBE2BE8FE6500325A76 /* LoadingView.swift in Sources */ = {isa = PBXBuildFile; fileRef = D30A7DB82BE8FE6500325A76 /* LoadingView.swift */; };
		D30A7DBF2BE8FE6500325A76 /* ViewModel.swift in Sources */ = {isa = PBXBuildFile; fileRef = D30A7DBA2BE8FE6500325A76 /* ViewModel.swift */; };
		D30A7DC02BE8FE6500325A76 /* MvvmUIKitViewController.swift in Sources */ = {isa = PBXBuildFile; fileRef = D30A7DBB2BE8FE6500325A76 /* MvvmUIKitViewController.swift */; };
		D30A7DC12BE8FE6500325A76 /* MvvmUIKitView.swift in Sources */ = {isa = PBXBuildFile; fileRef = D30A7DBC2BE8FE6500325A76 /* MvvmUIKitView.swift */; };
		D30A7DC42BE8FF0600325A76 /* DisposeBag.swift in Sources */ = {isa = PBXBuildFile; fileRef = D30A7DC32BE8FF0600325A76 /* DisposeBag.swift */; };
		D30A7DC72BE900DB00325A76 /* LaunchViewController.swift in Sources */ = {isa = PBXBuildFile; fileRef = D30A7DC62BE900DB00325A76 /* LaunchViewController.swift */; };
		D30A7DC92BE906E000325A76 /* AppContainerProtocol.swift in Sources */ = {isa = PBXBuildFile; fileRef = D30A7DC82BE906E000325A76 /* AppContainerProtocol.swift */; };
		D30A7DCB2BE906F600325A76 /* AppContainer.swift in Sources */ = {isa = PBXBuildFile; fileRef = D30A7DCA2BE906F600325A76 /* AppContainer.swift */; };
		D30A7DD02BE9153000325A76 /* RootContainerViewController.swift in Sources */ = {isa = PBXBuildFile; fileRef = D30A7DCF2BE9153000325A76 /* RootContainerViewController.swift */; };
		D30A7DD22BE915A500325A76 /* RootCoordinator.swift in Sources */ = {isa = PBXBuildFile; fileRef = D30A7DD12BE915A500325A76 /* RootCoordinator.swift */; };
		D30A7DD42BE915F300325A76 /* RootContentType.swift in Sources */ = {isa = PBXBuildFile; fileRef = D30A7DD32BE915F300325A76 /* RootContentType.swift */; };
		D30A7DD62BE9179B00325A76 /* HomeContainerViewController.swift in Sources */ = {isa = PBXBuildFile; fileRef = D30A7DD52BE9179B00325A76 /* HomeContainerViewController.swift */; };
		D30A7DD82BE91C7A00325A76 /* BaseTabBarController.swift in Sources */ = {isa = PBXBuildFile; fileRef = D30A7DD72BE91C7A00325A76 /* BaseTabBarController.swift */; };
		D30A7DDA2BE91CD500325A76 /* HomeCoordinator.swift in Sources */ = {isa = PBXBuildFile; fileRef = D30A7DD92BE91CD500325A76 /* HomeCoordinator.swift */; };
		D30A7DDC2BE91D3300325A76 /* HomeContentType.swift in Sources */ = {isa = PBXBuildFile; fileRef = D30A7DDB2BE91D3300325A76 /* HomeContentType.swift */; };
		D30A7DDE2BE9221C00325A76 /* ViewLifecycleObservable.swift in Sources */ = {isa = PBXBuildFile; fileRef = D30A7DDD2BE9221C00325A76 /* ViewLifecycleObservable.swift */; };
		D30A7DE52BE93B8900325A76 /* RootContainerModule.swift in Sources */ = {isa = PBXBuildFile; fileRef = D30A7DE42BE93B8900325A76 /* RootContainerModule.swift */; };
		D30A7DE72BE93B9200325A76 /* RootContainerModuleInput.swift in Sources */ = {isa = PBXBuildFile; fileRef = D30A7DE62BE93B9200325A76 /* RootContainerModuleInput.swift */; };
		D30A7DE92BE93D8700325A76 /* RootContainerModuleSeed.swift in Sources */ = {isa = PBXBuildFile; fileRef = D30A7DE82BE93D8700325A76 /* RootContainerModuleSeed.swift */; };
		D30A7DEB2BE93E4A00325A76 /* RootContainerModuleFactoryProtocol.swift in Sources */ = {isa = PBXBuildFile; fileRef = D30A7DEA2BE93E4A00325A76 /* RootContainerModuleFactoryProtocol.swift */; };
		D30A7DED2BE93E6C00325A76 /* RootContainerModuleFactory.swift in Sources */ = {isa = PBXBuildFile; fileRef = D30A7DEC2BE93E6C00325A76 /* RootContainerModuleFactory.swift */; };
		D30A7DEF2BE943E500325A76 /* SuperTimer.swift in Sources */ = {isa = PBXBuildFile; fileRef = D30A7DEE2BE943E500325A76 /* SuperTimer.swift */; };
		D30A7DF92BE9475700325A76 /* HomeContainerModuleFactory.swift in Sources */ = {isa = PBXBuildFile; fileRef = D30A7DF82BE9475700325A76 /* HomeContainerModuleFactory.swift */; };
		D30A7DFA2BE9478C00325A76 /* HomeContainerModuleSeed.swift in Sources */ = {isa = PBXBuildFile; fileRef = D30A7DF52BE946CB00325A76 /* HomeContainerModuleSeed.swift */; };
		D30A7DFB2BE9479100325A76 /* HomeContainerModuleInput.swift in Sources */ = {isa = PBXBuildFile; fileRef = D30A7DF32BE946CB00325A76 /* HomeContainerModuleInput.swift */; };
		D30A7DFC2BE9479100325A76 /* HomeContainerModule.swift in Sources */ = {isa = PBXBuildFile; fileRef = D30A7DF42BE946CB00325A76 /* HomeContainerModule.swift */; };
		D30A7DFD2BE94B1600325A76 /* HomeContainerModuleFactoryProtocol.swift in Sources */ = {isa = PBXBuildFile; fileRef = D30A7DF62BE9474E00325A76 /* HomeContainerModuleFactoryProtocol.swift */; };
		D30A7DFF2BE9506100325A76 /* Design.Metrics.swift in Sources */ = {isa = PBXBuildFile; fileRef = D30A7DFE2BE9506100325A76 /* Design.Metrics.swift */; };
		D30A7E012BE9506900325A76 /* Design.Fonts.swift in Sources */ = {isa = PBXBuildFile; fileRef = D30A7E002BE9506900325A76 /* Design.Fonts.swift */; };
		D30A7E032BE9507200325A76 /* Design.Colors.swift in Sources */ = {isa = PBXBuildFile; fileRef = D30A7E022BE9507200325A76 /* Design.Colors.swift */; };
		D30A7E052BE951D000325A76 /* Design.Appearance.swift in Sources */ = {isa = PBXBuildFile; fileRef = D30A7E042BE951D000325A76 /* Design.Appearance.swift */; };
		D30A7E082BE95B8900325A76 /* NavigationCoordinator.swift in Sources */ = {isa = PBXBuildFile; fileRef = D30A7E072BE95B8900325A76 /* NavigationCoordinator.swift */; };
		D30A7E0A2BE95B9200325A76 /* TrackableStackNavigationCoordinator.swift in Sources */ = {isa = PBXBuildFile; fileRef = D30A7E092BE95B9200325A76 /* TrackableStackNavigationCoordinator.swift */; };
		D30A7E0F2BE95F2800325A76 /* EditorFlowModule.swift in Sources */ = {isa = PBXBuildFile; fileRef = D30A7E0E2BE95F2800325A76 /* EditorFlowModule.swift */; };
		D30A7E112BE95F3C00325A76 /* EditorFlowModuleSeed.swift in Sources */ = {isa = PBXBuildFile; fileRef = D30A7E102BE95F3C00325A76 /* EditorFlowModuleSeed.swift */; };
		D30A7E132BE95F4500325A76 /* EditorFlowModuleInput.swift in Sources */ = {isa = PBXBuildFile; fileRef = D30A7E122BE95F4500325A76 /* EditorFlowModuleInput.swift */; };
		D30A7E152BE9608900325A76 /* EditorFlowModuleFactory.swift in Sources */ = {isa = PBXBuildFile; fileRef = D30A7E142BE9608900325A76 /* EditorFlowModuleFactory.swift */; };
		D30A7E172BE9609000325A76 /* EditorFlowModuleFactoryProtocol.swift in Sources */ = {isa = PBXBuildFile; fileRef = D30A7E162BE9609000325A76 /* EditorFlowModuleFactoryProtocol.swift */; };
		D30A7E192BE9620300325A76 /* EditorFlowCoordinator.swift in Sources */ = {isa = PBXBuildFile; fileRef = D30A7E182BE9620300325A76 /* EditorFlowCoordinator.swift */; };
		D30A7E302BE9662A00325A76 /* EditorModuleInput.swift in Sources */ = {isa = PBXBuildFile; fileRef = D30A7E292BE9652600325A76 /* EditorModuleInput.swift */; };
		D30A7E312BE9662A00325A76 /* EditorModuleSeed.swift in Sources */ = {isa = PBXBuildFile; fileRef = D30A7E282BE9652600325A76 /* EditorModuleSeed.swift */; };
		D30A7E322BE9662A00325A76 /* EditorModule.swift in Sources */ = {isa = PBXBuildFile; fileRef = D30A7E2A2BE9652600325A76 /* EditorModule.swift */; };
		D30A7E332BE9662A00325A76 /* MediaPermissionsModuleFactoryProtocol.swift in Sources */ = {isa = PBXBuildFile; fileRef = D30A7E2F2BE9660D00325A76 /* MediaPermissionsModuleFactoryProtocol.swift */; };
		D30A7E342BE9662A00325A76 /* EditorModuleFactoryProtocol.swift in Sources */ = {isa = PBXBuildFile; fileRef = D30A7E2B2BE9658000325A76 /* EditorModuleFactoryProtocol.swift */; };
		D30A7E352BE9662A00325A76 /* MediaPermissionsModuleSeed.swift in Sources */ = {isa = PBXBuildFile; fileRef = D30A7E2E2BE965B600325A76 /* MediaPermissionsModuleSeed.swift */; };
		D30A7E362BE9662A00325A76 /* MediaPermissionsModule.swift in Sources */ = {isa = PBXBuildFile; fileRef = D30A7E2D2BE965B500325A76 /* MediaPermissionsModule.swift */; };
		D30A7E372BE9662A00325A76 /* MediaPermissionsModuleInput.swift in Sources */ = {isa = PBXBuildFile; fileRef = D30A7E2C2BE965B500325A76 /* MediaPermissionsModuleInput.swift */; };
		D30A7E392BE97AE300325A76 /* EditorViewController.swift in Sources */ = {isa = PBXBuildFile; fileRef = D30A7E382BE97AE300325A76 /* EditorViewController.swift */; };
		D30A7E3B2BE97AEA00325A76 /* EditorView.swift in Sources */ = {isa = PBXBuildFile; fileRef = D30A7E3A2BE97AEA00325A76 /* EditorView.swift */; };
		D30A7E3D2BE97B7B00325A76 /* EditorViewModel.swift in Sources */ = {isa = PBXBuildFile; fileRef = D30A7E3C2BE97B7B00325A76 /* EditorViewModel.swift */; };
		D30A7E3F2BE97B8200325A76 /* EditorViewState.swift in Sources */ = {isa = PBXBuildFile; fileRef = D30A7E3E2BE97B8200325A76 /* EditorViewState.swift */; };
		D30A7E412BE97CAD00325A76 /* EditorModuleFactory.swift in Sources */ = {isa = PBXBuildFile; fileRef = D30A7E402BE97CAD00325A76 /* EditorModuleFactory.swift */; };
		D30A7E442BE97D6A00325A76 /* MediaPermissionsModuleFactory.swift in Sources */ = {isa = PBXBuildFile; fileRef = D30A7E432BE97D6A00325A76 /* MediaPermissionsModuleFactory.swift */; };
		D38D01272BE9FCA0009E3E83 /* AppStateSubscriber.swift in Sources */ = {isa = PBXBuildFile; fileRef = D38D01262BE9FCA0009E3E83 /* AppStateSubscriber.swift */; };
		D38D01292BEA01AA009E3E83 /* video.mp4 in Resources */ = {isa = PBXBuildFile; fileRef = D38D01282BEA01AA009E3E83 /* video.mp4 */; };
		D38D012D2BEA027E009E3E83 /* Video.swift in Sources */ = {isa = PBXBuildFile; fileRef = D38D012C2BEA027E009E3E83 /* Video.swift */; };
		D38D012F2BEA0347009E3E83 /* MediaUtils.swift in Sources */ = {isa = PBXBuildFile; fileRef = D38D012E2BEA0347009E3E83 /* MediaUtils.swift */; };
		D38D01312BEA0421009E3E83 /* ObservablePlayer.swift in Sources */ = {isa = PBXBuildFile; fileRef = D38D01302BEA0421009E3E83 /* ObservablePlayer.swift */; };
		D38D01332BEA0827009E3E83 /* Buttons.swift in Sources */ = {isa = PBXBuildFile; fileRef = D38D01322BEA0827009E3E83 /* Buttons.swift */; };
		D38D01362BEA19BC009E3E83 /* PinLayout+.swift in Sources */ = {isa = PBXBuildFile; fileRef = D38D01352BEA19BC009E3E83 /* PinLayout+.swift */; };
		D38D01382BEA3001009E3E83 /* VideoTranscriptionProvider.swift in Sources */ = {isa = PBXBuildFile; fileRef = D38D01372BEA3001009E3E83 /* VideoTranscriptionProvider.swift */; };
		D38D01442BEA392B009E3E83 /* MYAudioTapProcessor.m in Sources */ = {isa = PBXBuildFile; fileRef = D38D01432BEA392B009E3E83 /* MYAudioTapProcessor.m */; settings = {COMPILER_FLAGS = "-w"; }; };
		D3DD28EC2BEAB42B00542276 /* video_short.mp4 in Resources */ = {isa = PBXBuildFile; fileRef = D3DD28EB2BEAB42B00542276 /* video_short.mp4 */; };
		D3DD28EE2BEBA98C00542276 /* CaptioningDecorator.swift in Sources */ = {isa = PBXBuildFile; fileRef = D3DD28ED2BEBA98C00542276 /* CaptioningDecorator.swift */; };
		D3DD28F22BEBCEF000542276 /* ImagePickerDelegateProxy.swift in Sources */ = {isa = PBXBuildFile; fileRef = D3DD28F12BEBCEF000542276 /* ImagePickerDelegateProxy.swift */; };
		D3F2EE922BEBDF99000F31AD /* Project.swift in Sources */ = {isa = PBXBuildFile; fileRef = D3F2EE912BEBDF99000F31AD /* Project.swift */; };
		D3F2EE942BEBDFA4000F31AD /* ProjectsProviderProtocol.swift in Sources */ = {isa = PBXBuildFile; fileRef = D3F2EE932BEBDFA4000F31AD /* ProjectsProviderProtocol.swift */; };
		D3F2EE962BEBDFAC000F31AD /* ProjectsProvider.swift in Sources */ = {isa = PBXBuildFile; fileRef = D3F2EE952BEBDFAC000F31AD /* ProjectsProvider.swift */; };
		D3F2EE992BEBE327000F31AD /* SystemPermission.swift in Sources */ = {isa = PBXBuildFile; fileRef = D3F2EE982BEBE327000F31AD /* SystemPermission.swift */; };
		D3F2EE9B2BEBE46A000F31AD /* SystemPermissionsProviderProtocol.swift in Sources */ = {isa = PBXBuildFile; fileRef = D3F2EE9A2BEBE46A000F31AD /* SystemPermissionsProviderProtocol.swift */; };
		D3F2EE9D2BEBE483000F31AD /* SystemPermissionsProvider.swift in Sources */ = {isa = PBXBuildFile; fileRef = D3F2EE9C2BEBE483000F31AD /* SystemPermissionsProvider.swift */; };
		D3F2EE9F2BEBF3DB000F31AD /* EditorFlowContext.swift in Sources */ = {isa = PBXBuildFile; fileRef = D3F2EE9E2BEBF3DB000F31AD /* EditorFlowContext.swift */; };
		D3F2EEA12BEBF5C6000F31AD /* EditorContext.swift in Sources */ = {isa = PBXBuildFile; fileRef = D3F2EEA02BEBF5C6000F31AD /* EditorContext.swift */; };
		D3F2EEA72BEC93AE000F31AD /* ProjectCreateModuleFactory.swift in Sources */ = {isa = PBXBuildFile; fileRef = D3F2EEA62BEC9399000F31AD /* ProjectCreateModuleFactory.swift */; };
		D3F2EEA82BEC93AE000F31AD /* ProjectCreateModuleFactoryProtocol.swift in Sources */ = {isa = PBXBuildFile; fileRef = D3F2EEA52BEC9399000F31AD /* ProjectCreateModuleFactoryProtocol.swift */; };
		D3F2EEA92BEC93B1000F31AD /* ProjectCreateModuleInput.swift in Sources */ = {isa = PBXBuildFile; fileRef = D3F2EEA42BEC9395000F31AD /* ProjectCreateModuleInput.swift */; };
		D3F2EEAA2BEC93B1000F31AD /* ProjectCreateModuleSeed.swift in Sources */ = {isa = PBXBuildFile; fileRef = D3F2EEA32BEC9395000F31AD /* ProjectCreateModuleSeed.swift */; };
		D3F2EEAB2BEC93B1000F31AD /* ProjectCreateModule.swift in Sources */ = {isa = PBXBuildFile; fileRef = D3F2EEA22BEC9395000F31AD /* ProjectCreateModule.swift */; };
		D3F2EEB02BEC9AA7000F31AD /* ProjectCreateViewModel.swift in Sources */ = {isa = PBXBuildFile; fileRef = D3F2EEAF2BEC9921000F31AD /* ProjectCreateViewModel.swift */; };
		D3F2EEB12BEC9AA7000F31AD /* ProjectCreateViewController.swift in Sources */ = {isa = PBXBuildFile; fileRef = D3F2EEAC2BEC9829000F31AD /* ProjectCreateViewController.swift */; };
		D3F2EEB22BEC9AA7000F31AD /* ProjectCreateViewState.swift in Sources */ = {isa = PBXBuildFile; fileRef = D3F2EEAE2BEC9921000F31AD /* ProjectCreateViewState.swift */; };
		D3F2EEB32BEC9AA7000F31AD /* ProjectCreateView.swift in Sources */ = {isa = PBXBuildFile; fileRef = D3F2EEAD2BEC9859000F31AD /* ProjectCreateView.swift */; };
		D3F2EEB62BECDCAE000F31AD /* CaptioningMode.swift in Sources */ = {isa = PBXBuildFile; fileRef = D3F2EEB52BECDCAE000F31AD /* CaptioningMode.swift */; };
		D3F2EEB82BECDE80000F31AD /* ProjectsError.swift in Sources */ = {isa = PBXBuildFile; fileRef = D3F2EEB72BECDE80000F31AD /* ProjectsError.swift */; };
		D3F2EEC12BECECB7000F31AD /* ProjectsFlowModuleSeed.swift in Sources */ = {isa = PBXBuildFile; fileRef = D3F2EEBA2BECECA5000F31AD /* ProjectsFlowModuleSeed.swift */; };
		D3F2EEC22BECECB7000F31AD /* ProjectsFlowModule.swift in Sources */ = {isa = PBXBuildFile; fileRef = D3F2EEBB2BECECA5000F31AD /* ProjectsFlowModule.swift */; };
		D3F2EEC32BECECB7000F31AD /* ProjectsFlowModuleFactoryProtocol.swift in Sources */ = {isa = PBXBuildFile; fileRef = D3F2EEC02BECECA9000F31AD /* ProjectsFlowModuleFactoryProtocol.swift */; };
		D3F2EEC42BECECB7000F31AD /* ProjectsFlowModuleFactory.swift in Sources */ = {isa = PBXBuildFile; fileRef = D3F2EEBF2BECECA9000F31AD /* ProjectsFlowModuleFactory.swift */; };
		D3F2EEC52BECECB7000F31AD /* ProjectsFlowModuleInput.swift in Sources */ = {isa = PBXBuildFile; fileRef = D3F2EEBD2BECECA5000F31AD /* ProjectsFlowModuleInput.swift */; };
		D3F2EECB2BECEE2C000F31AD /* ProjectListModuleFactoryProtocol.swift in Sources */ = {isa = PBXBuildFile; fileRef = D3F2EECA2BECEE2C000F31AD /* ProjectListModuleFactoryProtocol.swift */; };
		D3F2EECE2BECEF31000F31AD /* ProjectListModuleFactory.swift in Sources */ = {isa = PBXBuildFile; fileRef = D3F2EECD2BECEF31000F31AD /* ProjectListModuleFactory.swift */; };
		D3F2EECF2BECF2AE000F31AD /* ProjectsFlowCoordinator.swift in Sources */ = {isa = PBXBuildFile; fileRef = D3F2EEC82BECED8B000F31AD /* ProjectsFlowCoordinator.swift */; };
/* End PBXBuildFile section */

/* Begin PBXFileReference section */
		D30A7D812BE8F11400325A76 /* subtitlify.app */ = {isa = PBXFileReference; explicitFileType = wrapper.application; includeInIndex = 0; path = subtitlify.app; sourceTree = BUILT_PRODUCTS_DIR; };
		D30A7D842BE8F11400325A76 /* AppDelegate.swift */ = {isa = PBXFileReference; lastKnownFileType = sourcecode.swift; path = AppDelegate.swift; sourceTree = "<group>"; };
		D30A7D8D2BE8F11500325A76 /* Assets.xcassets */ = {isa = PBXFileReference; lastKnownFileType = folder.assetcatalog; path = Assets.xcassets; sourceTree = "<group>"; };
		D30A7D902BE8F11500325A76 /* Base */ = {isa = PBXFileReference; lastKnownFileType = file.storyboard; name = Base; path = Base.lproj/LaunchScreen.storyboard; sourceTree = "<group>"; };
		D30A7D922BE8F11500325A76 /* Info.plist */ = {isa = PBXFileReference; lastKnownFileType = text.plist.xml; path = Info.plist; sourceTree = "<group>"; };
		D30A7DA52BE8FB7600325A76 /* Design.swift */ = {isa = PBXFileReference; lastKnownFileType = sourcecode.swift; path = Design.swift; sourceTree = "<group>"; };
		D30A7DA82BE8FCB400325A76 /* UINavigationController+Completion.swift */ = {isa = PBXFileReference; fileEncoding = 4; lastKnownFileType = sourcecode.swift; path = "UINavigationController+Completion.swift"; sourceTree = "<group>"; };
		D30A7DA92BE8FCB400325A76 /* UIView+Debug.swift */ = {isa = PBXFileReference; fileEncoding = 4; lastKnownFileType = sourcecode.swift; path = "UIView+Debug.swift"; sourceTree = "<group>"; };
		D30A7DAA2BE8FCB400325A76 /* UIViewController+Helpers.swift */ = {isa = PBXFileReference; fileEncoding = 4; lastKnownFileType = sourcecode.swift; path = "UIViewController+Helpers.swift"; sourceTree = "<group>"; };
		D30A7DAB2BE8FCB400325A76 /* UIView+BoundingRect.swift */ = {isa = PBXFileReference; fileEncoding = 4; lastKnownFileType = sourcecode.swift; path = "UIView+BoundingRect.swift"; sourceTree = "<group>"; };
		D30A7DAC2BE8FCB400325A76 /* UIApplication+KeyWindow.swift */ = {isa = PBXFileReference; fileEncoding = 4; lastKnownFileType = sourcecode.swift; path = "UIApplication+KeyWindow.swift"; sourceTree = "<group>"; };
		D30A7DAD2BE8FCB400325A76 /* UIColor+Components.swift */ = {isa = PBXFileReference; fileEncoding = 4; lastKnownFileType = sourcecode.swift; path = "UIColor+Components.swift"; sourceTree = "<group>"; };
		D30A7DAE2BE8FCB400325A76 /* UIImage+.swift */ = {isa = PBXFileReference; fileEncoding = 4; lastKnownFileType = sourcecode.swift; path = "UIImage+.swift"; sourceTree = "<group>"; };
		D30A7DB72BE8FE6500325A76 /* BaseViewController.swift */ = {isa = PBXFileReference; fileEncoding = 4; lastKnownFileType = sourcecode.swift; path = BaseViewController.swift; sourceTree = "<group>"; };
		D30A7DB82BE8FE6500325A76 /* LoadingView.swift */ = {isa = PBXFileReference; fileEncoding = 4; lastKnownFileType = sourcecode.swift; path = LoadingView.swift; sourceTree = "<group>"; };
		D30A7DBA2BE8FE6500325A76 /* ViewModel.swift */ = {isa = PBXFileReference; fileEncoding = 4; lastKnownFileType = sourcecode.swift; path = ViewModel.swift; sourceTree = "<group>"; };
		D30A7DBB2BE8FE6500325A76 /* MvvmUIKitViewController.swift */ = {isa = PBXFileReference; fileEncoding = 4; lastKnownFileType = sourcecode.swift; path = MvvmUIKitViewController.swift; sourceTree = "<group>"; };
		D30A7DBC2BE8FE6500325A76 /* MvvmUIKitView.swift */ = {isa = PBXFileReference; fileEncoding = 4; lastKnownFileType = sourcecode.swift; path = MvvmUIKitView.swift; sourceTree = "<group>"; };
		D30A7DC32BE8FF0600325A76 /* DisposeBag.swift */ = {isa = PBXFileReference; fileEncoding = 4; lastKnownFileType = sourcecode.swift; path = DisposeBag.swift; sourceTree = "<group>"; };
		D30A7DC62BE900DB00325A76 /* LaunchViewController.swift */ = {isa = PBXFileReference; lastKnownFileType = sourcecode.swift; path = LaunchViewController.swift; sourceTree = "<group>"; };
		D30A7DC82BE906E000325A76 /* AppContainerProtocol.swift */ = {isa = PBXFileReference; lastKnownFileType = sourcecode.swift; path = AppContainerProtocol.swift; sourceTree = "<group>"; };
		D30A7DCA2BE906F600325A76 /* AppContainer.swift */ = {isa = PBXFileReference; lastKnownFileType = sourcecode.swift; path = AppContainer.swift; sourceTree = "<group>"; };
		D30A7DCF2BE9153000325A76 /* RootContainerViewController.swift */ = {isa = PBXFileReference; lastKnownFileType = sourcecode.swift; path = RootContainerViewController.swift; sourceTree = "<group>"; };
		D30A7DD12BE915A500325A76 /* RootCoordinator.swift */ = {isa = PBXFileReference; lastKnownFileType = sourcecode.swift; path = RootCoordinator.swift; sourceTree = "<group>"; };
		D30A7DD32BE915F300325A76 /* RootContentType.swift */ = {isa = PBXFileReference; lastKnownFileType = sourcecode.swift; path = RootContentType.swift; sourceTree = "<group>"; };
		D30A7DD52BE9179B00325A76 /* HomeContainerViewController.swift */ = {isa = PBXFileReference; lastKnownFileType = sourcecode.swift; path = HomeContainerViewController.swift; sourceTree = "<group>"; };
		D30A7DD72BE91C7A00325A76 /* BaseTabBarController.swift */ = {isa = PBXFileReference; lastKnownFileType = sourcecode.swift; path = BaseTabBarController.swift; sourceTree = "<group>"; };
		D30A7DD92BE91CD500325A76 /* HomeCoordinator.swift */ = {isa = PBXFileReference; lastKnownFileType = sourcecode.swift; path = HomeCoordinator.swift; sourceTree = "<group>"; };
		D30A7DDB2BE91D3300325A76 /* HomeContentType.swift */ = {isa = PBXFileReference; lastKnownFileType = sourcecode.swift; path = HomeContentType.swift; sourceTree = "<group>"; };
		D30A7DDD2BE9221C00325A76 /* ViewLifecycleObservable.swift */ = {isa = PBXFileReference; lastKnownFileType = sourcecode.swift; path = ViewLifecycleObservable.swift; sourceTree = "<group>"; };
		D30A7DE42BE93B8900325A76 /* RootContainerModule.swift */ = {isa = PBXFileReference; lastKnownFileType = sourcecode.swift; path = RootContainerModule.swift; sourceTree = "<group>"; };
		D30A7DE62BE93B9200325A76 /* RootContainerModuleInput.swift */ = {isa = PBXFileReference; lastKnownFileType = sourcecode.swift; path = RootContainerModuleInput.swift; sourceTree = "<group>"; };
		D30A7DE82BE93D8700325A76 /* RootContainerModuleSeed.swift */ = {isa = PBXFileReference; lastKnownFileType = sourcecode.swift; path = RootContainerModuleSeed.swift; sourceTree = "<group>"; };
		D30A7DEA2BE93E4A00325A76 /* RootContainerModuleFactoryProtocol.swift */ = {isa = PBXFileReference; lastKnownFileType = sourcecode.swift; path = RootContainerModuleFactoryProtocol.swift; sourceTree = "<group>"; };
		D30A7DEC2BE93E6C00325A76 /* RootContainerModuleFactory.swift */ = {isa = PBXFileReference; lastKnownFileType = sourcecode.swift; path = RootContainerModuleFactory.swift; sourceTree = "<group>"; };
		D30A7DEE2BE943E500325A76 /* SuperTimer.swift */ = {isa = PBXFileReference; lastKnownFileType = sourcecode.swift; path = SuperTimer.swift; sourceTree = "<group>"; };
		D30A7DF32BE946CB00325A76 /* HomeContainerModuleInput.swift */ = {isa = PBXFileReference; lastKnownFileType = sourcecode.swift; path = HomeContainerModuleInput.swift; sourceTree = "<group>"; };
		D30A7DF42BE946CB00325A76 /* HomeContainerModule.swift */ = {isa = PBXFileReference; lastKnownFileType = sourcecode.swift; path = HomeContainerModule.swift; sourceTree = "<group>"; };
		D30A7DF52BE946CB00325A76 /* HomeContainerModuleSeed.swift */ = {isa = PBXFileReference; lastKnownFileType = sourcecode.swift; path = HomeContainerModuleSeed.swift; sourceTree = "<group>"; };
		D30A7DF62BE9474E00325A76 /* HomeContainerModuleFactoryProtocol.swift */ = {isa = PBXFileReference; lastKnownFileType = sourcecode.swift; path = HomeContainerModuleFactoryProtocol.swift; sourceTree = "<group>"; };
		D30A7DF82BE9475700325A76 /* HomeContainerModuleFactory.swift */ = {isa = PBXFileReference; lastKnownFileType = sourcecode.swift; path = HomeContainerModuleFactory.swift; sourceTree = "<group>"; };
		D30A7DFE2BE9506100325A76 /* Design.Metrics.swift */ = {isa = PBXFileReference; lastKnownFileType = sourcecode.swift; path = Design.Metrics.swift; sourceTree = "<group>"; };
		D30A7E002BE9506900325A76 /* Design.Fonts.swift */ = {isa = PBXFileReference; lastKnownFileType = sourcecode.swift; path = Design.Fonts.swift; sourceTree = "<group>"; };
		D30A7E022BE9507200325A76 /* Design.Colors.swift */ = {isa = PBXFileReference; lastKnownFileType = sourcecode.swift; path = Design.Colors.swift; sourceTree = "<group>"; };
		D30A7E042BE951D000325A76 /* Design.Appearance.swift */ = {isa = PBXFileReference; lastKnownFileType = sourcecode.swift; path = Design.Appearance.swift; sourceTree = "<group>"; };
		D30A7E072BE95B8900325A76 /* NavigationCoordinator.swift */ = {isa = PBXFileReference; lastKnownFileType = sourcecode.swift; path = NavigationCoordinator.swift; sourceTree = "<group>"; };
		D30A7E092BE95B9200325A76 /* TrackableStackNavigationCoordinator.swift */ = {isa = PBXFileReference; lastKnownFileType = sourcecode.swift; path = TrackableStackNavigationCoordinator.swift; sourceTree = "<group>"; };
		D30A7E0E2BE95F2800325A76 /* EditorFlowModule.swift */ = {isa = PBXFileReference; lastKnownFileType = sourcecode.swift; path = EditorFlowModule.swift; sourceTree = "<group>"; };
		D30A7E102BE95F3C00325A76 /* EditorFlowModuleSeed.swift */ = {isa = PBXFileReference; lastKnownFileType = sourcecode.swift; path = EditorFlowModuleSeed.swift; sourceTree = "<group>"; };
		D30A7E122BE95F4500325A76 /* EditorFlowModuleInput.swift */ = {isa = PBXFileReference; lastKnownFileType = sourcecode.swift; path = EditorFlowModuleInput.swift; sourceTree = "<group>"; };
		D30A7E142BE9608900325A76 /* EditorFlowModuleFactory.swift */ = {isa = PBXFileReference; lastKnownFileType = sourcecode.swift; path = EditorFlowModuleFactory.swift; sourceTree = "<group>"; };
		D30A7E162BE9609000325A76 /* EditorFlowModuleFactoryProtocol.swift */ = {isa = PBXFileReference; lastKnownFileType = sourcecode.swift; path = EditorFlowModuleFactoryProtocol.swift; sourceTree = "<group>"; };
		D30A7E182BE9620300325A76 /* EditorFlowCoordinator.swift */ = {isa = PBXFileReference; lastKnownFileType = sourcecode.swift; path = EditorFlowCoordinator.swift; sourceTree = "<group>"; };
		D30A7E282BE9652600325A76 /* EditorModuleSeed.swift */ = {isa = PBXFileReference; lastKnownFileType = sourcecode.swift; path = EditorModuleSeed.swift; sourceTree = "<group>"; };
		D30A7E292BE9652600325A76 /* EditorModuleInput.swift */ = {isa = PBXFileReference; lastKnownFileType = sourcecode.swift; path = EditorModuleInput.swift; sourceTree = "<group>"; };
		D30A7E2A2BE9652600325A76 /* EditorModule.swift */ = {isa = PBXFileReference; lastKnownFileType = sourcecode.swift; path = EditorModule.swift; sourceTree = "<group>"; };
		D30A7E2B2BE9658000325A76 /* EditorModuleFactoryProtocol.swift */ = {isa = PBXFileReference; lastKnownFileType = sourcecode.swift; path = EditorModuleFactoryProtocol.swift; sourceTree = "<group>"; };
		D30A7E2C2BE965B500325A76 /* MediaPermissionsModuleInput.swift */ = {isa = PBXFileReference; lastKnownFileType = sourcecode.swift; path = MediaPermissionsModuleInput.swift; sourceTree = "<group>"; };
		D30A7E2D2BE965B500325A76 /* MediaPermissionsModule.swift */ = {isa = PBXFileReference; lastKnownFileType = sourcecode.swift; path = MediaPermissionsModule.swift; sourceTree = "<group>"; };
		D30A7E2E2BE965B600325A76 /* MediaPermissionsModuleSeed.swift */ = {isa = PBXFileReference; lastKnownFileType = sourcecode.swift; path = MediaPermissionsModuleSeed.swift; sourceTree = "<group>"; };
		D30A7E2F2BE9660D00325A76 /* MediaPermissionsModuleFactoryProtocol.swift */ = {isa = PBXFileReference; lastKnownFileType = sourcecode.swift; path = MediaPermissionsModuleFactoryProtocol.swift; sourceTree = "<group>"; };
		D30A7E382BE97AE300325A76 /* EditorViewController.swift */ = {isa = PBXFileReference; lastKnownFileType = sourcecode.swift; path = EditorViewController.swift; sourceTree = "<group>"; };
		D30A7E3A2BE97AEA00325A76 /* EditorView.swift */ = {isa = PBXFileReference; lastKnownFileType = sourcecode.swift; path = EditorView.swift; sourceTree = "<group>"; };
		D30A7E3C2BE97B7B00325A76 /* EditorViewModel.swift */ = {isa = PBXFileReference; lastKnownFileType = sourcecode.swift; path = EditorViewModel.swift; sourceTree = "<group>"; };
		D30A7E3E2BE97B8200325A76 /* EditorViewState.swift */ = {isa = PBXFileReference; lastKnownFileType = sourcecode.swift; path = EditorViewState.swift; sourceTree = "<group>"; };
		D30A7E402BE97CAD00325A76 /* EditorModuleFactory.swift */ = {isa = PBXFileReference; lastKnownFileType = sourcecode.swift; path = EditorModuleFactory.swift; sourceTree = "<group>"; };
		D30A7E432BE97D6A00325A76 /* MediaPermissionsModuleFactory.swift */ = {isa = PBXFileReference; lastKnownFileType = sourcecode.swift; path = MediaPermissionsModuleFactory.swift; sourceTree = "<group>"; };
		D38D01262BE9FCA0009E3E83 /* AppStateSubscriber.swift */ = {isa = PBXFileReference; lastKnownFileType = sourcecode.swift; path = AppStateSubscriber.swift; sourceTree = "<group>"; };
		D38D01282BEA01AA009E3E83 /* video.mp4 */ = {isa = PBXFileReference; lastKnownFileType = file; path = video.mp4; sourceTree = "<group>"; };
		D38D012C2BEA027E009E3E83 /* Video.swift */ = {isa = PBXFileReference; lastKnownFileType = sourcecode.swift; path = Video.swift; sourceTree = "<group>"; };
		D38D012E2BEA0347009E3E83 /* MediaUtils.swift */ = {isa = PBXFileReference; lastKnownFileType = sourcecode.swift; path = MediaUtils.swift; sourceTree = "<group>"; };
		D38D01302BEA0421009E3E83 /* ObservablePlayer.swift */ = {isa = PBXFileReference; lastKnownFileType = sourcecode.swift; path = ObservablePlayer.swift; sourceTree = "<group>"; };
		D38D01322BEA0827009E3E83 /* Buttons.swift */ = {isa = PBXFileReference; lastKnownFileType = sourcecode.swift; path = Buttons.swift; sourceTree = "<group>"; };
		D38D01352BEA19BC009E3E83 /* PinLayout+.swift */ = {isa = PBXFileReference; lastKnownFileType = sourcecode.swift; path = "PinLayout+.swift"; sourceTree = "<group>"; };
		D38D01372BEA3001009E3E83 /* VideoTranscriptionProvider.swift */ = {isa = PBXFileReference; lastKnownFileType = sourcecode.swift; path = VideoTranscriptionProvider.swift; sourceTree = "<group>"; };
		D38D013A2BEA3056009E3E83 /* subtitlify-Bridging-Header.h */ = {isa = PBXFileReference; lastKnownFileType = sourcecode.c.h; path = "subtitlify-Bridging-Header.h"; sourceTree = "<group>"; };
		D38D013D2BEA3808009E3E83 /* CoreAudioTypes.framework */ = {isa = PBXFileReference; lastKnownFileType = wrapper.framework; name = CoreAudioTypes.framework; path = System/Library/Frameworks/CoreAudioTypes.framework; sourceTree = SDKROOT; };
		D38D01422BEA392B009E3E83 /* MYAudioTapProcessor.h */ = {isa = PBXFileReference; fileEncoding = 4; lastKnownFileType = sourcecode.c.h; path = MYAudioTapProcessor.h; sourceTree = "<group>"; };
		D38D01432BEA392B009E3E83 /* MYAudioTapProcessor.m */ = {isa = PBXFileReference; fileEncoding = 4; lastKnownFileType = sourcecode.c.objc; path = MYAudioTapProcessor.m; sourceTree = "<group>"; };
		D3DD28EB2BEAB42B00542276 /* video_short.mp4 */ = {isa = PBXFileReference; lastKnownFileType = file; path = video_short.mp4; sourceTree = "<group>"; };
		D3DD28ED2BEBA98C00542276 /* CaptioningDecorator.swift */ = {isa = PBXFileReference; lastKnownFileType = sourcecode.swift; path = CaptioningDecorator.swift; sourceTree = "<group>"; };
		D3DD28F12BEBCEF000542276 /* ImagePickerDelegateProxy.swift */ = {isa = PBXFileReference; lastKnownFileType = sourcecode.swift; path = ImagePickerDelegateProxy.swift; sourceTree = "<group>"; };
		D3F2EE912BEBDF99000F31AD /* Project.swift */ = {isa = PBXFileReference; lastKnownFileType = sourcecode.swift; path = Project.swift; sourceTree = "<group>"; };
		D3F2EE932BEBDFA4000F31AD /* ProjectsProviderProtocol.swift */ = {isa = PBXFileReference; lastKnownFileType = sourcecode.swift; path = ProjectsProviderProtocol.swift; sourceTree = "<group>"; };
		D3F2EE952BEBDFAC000F31AD /* ProjectsProvider.swift */ = {isa = PBXFileReference; lastKnownFileType = sourcecode.swift; path = ProjectsProvider.swift; sourceTree = "<group>"; };
		D3F2EE982BEBE327000F31AD /* SystemPermission.swift */ = {isa = PBXFileReference; lastKnownFileType = sourcecode.swift; path = SystemPermission.swift; sourceTree = "<group>"; };
		D3F2EE9A2BEBE46A000F31AD /* SystemPermissionsProviderProtocol.swift */ = {isa = PBXFileReference; lastKnownFileType = sourcecode.swift; path = SystemPermissionsProviderProtocol.swift; sourceTree = "<group>"; };
		D3F2EE9C2BEBE483000F31AD /* SystemPermissionsProvider.swift */ = {isa = PBXFileReference; lastKnownFileType = sourcecode.swift; path = SystemPermissionsProvider.swift; sourceTree = "<group>"; };
		D3F2EE9E2BEBF3DB000F31AD /* EditorFlowContext.swift */ = {isa = PBXFileReference; lastKnownFileType = sourcecode.swift; path = EditorFlowContext.swift; sourceTree = "<group>"; };
		D3F2EEA02BEBF5C6000F31AD /* EditorContext.swift */ = {isa = PBXFileReference; lastKnownFileType = sourcecode.swift; path = EditorContext.swift; sourceTree = "<group>"; };
		D3F2EEA22BEC9395000F31AD /* ProjectCreateModule.swift */ = {isa = PBXFileReference; lastKnownFileType = sourcecode.swift; path = ProjectCreateModule.swift; sourceTree = "<group>"; };
		D3F2EEA32BEC9395000F31AD /* ProjectCreateModuleSeed.swift */ = {isa = PBXFileReference; lastKnownFileType = sourcecode.swift; path = ProjectCreateModuleSeed.swift; sourceTree = "<group>"; };
		D3F2EEA42BEC9395000F31AD /* ProjectCreateModuleInput.swift */ = {isa = PBXFileReference; lastKnownFileType = sourcecode.swift; path = ProjectCreateModuleInput.swift; sourceTree = "<group>"; };
		D3F2EEA52BEC9399000F31AD /* ProjectCreateModuleFactoryProtocol.swift */ = {isa = PBXFileReference; lastKnownFileType = sourcecode.swift; path = ProjectCreateModuleFactoryProtocol.swift; sourceTree = "<group>"; };
		D3F2EEA62BEC9399000F31AD /* ProjectCreateModuleFactory.swift */ = {isa = PBXFileReference; lastKnownFileType = sourcecode.swift; path = ProjectCreateModuleFactory.swift; sourceTree = "<group>"; };
		D3F2EEAC2BEC9829000F31AD /* ProjectCreateViewController.swift */ = {isa = PBXFileReference; lastKnownFileType = sourcecode.swift; path = ProjectCreateViewController.swift; sourceTree = "<group>"; };
		D3F2EEAD2BEC9859000F31AD /* ProjectCreateView.swift */ = {isa = PBXFileReference; lastKnownFileType = sourcecode.swift; path = ProjectCreateView.swift; sourceTree = "<group>"; };
		D3F2EEAE2BEC9921000F31AD /* ProjectCreateViewState.swift */ = {isa = PBXFileReference; lastKnownFileType = sourcecode.swift; path = ProjectCreateViewState.swift; sourceTree = "<group>"; };
		D3F2EEAF2BEC9921000F31AD /* ProjectCreateViewModel.swift */ = {isa = PBXFileReference; lastKnownFileType = sourcecode.swift; path = ProjectCreateViewModel.swift; sourceTree = "<group>"; };
		D3F2EEB52BECDCAE000F31AD /* CaptioningMode.swift */ = {isa = PBXFileReference; lastKnownFileType = sourcecode.swift; path = CaptioningMode.swift; sourceTree = "<group>"; };
		D3F2EEB72BECDE80000F31AD /* ProjectsError.swift */ = {isa = PBXFileReference; lastKnownFileType = sourcecode.swift; path = ProjectsError.swift; sourceTree = "<group>"; };
		D3F2EEBA2BECECA5000F31AD /* ProjectsFlowModuleSeed.swift */ = {isa = PBXFileReference; lastKnownFileType = sourcecode.swift; path = ProjectsFlowModuleSeed.swift; sourceTree = "<group>"; };
		D3F2EEBB2BECECA5000F31AD /* ProjectsFlowModule.swift */ = {isa = PBXFileReference; lastKnownFileType = sourcecode.swift; path = ProjectsFlowModule.swift; sourceTree = "<group>"; };
		D3F2EEBD2BECECA5000F31AD /* ProjectsFlowModuleInput.swift */ = {isa = PBXFileReference; lastKnownFileType = sourcecode.swift; path = ProjectsFlowModuleInput.swift; sourceTree = "<group>"; };
		D3F2EEBF2BECECA9000F31AD /* ProjectsFlowModuleFactory.swift */ = {isa = PBXFileReference; lastKnownFileType = sourcecode.swift; path = ProjectsFlowModuleFactory.swift; sourceTree = "<group>"; };
		D3F2EEC02BECECA9000F31AD /* ProjectsFlowModuleFactoryProtocol.swift */ = {isa = PBXFileReference; lastKnownFileType = sourcecode.swift; path = ProjectsFlowModuleFactoryProtocol.swift; sourceTree = "<group>"; };
		D3F2EEC82BECED8B000F31AD /* ProjectsFlowCoordinator.swift */ = {isa = PBXFileReference; lastKnownFileType = sourcecode.swift; path = ProjectsFlowCoordinator.swift; sourceTree = "<group>"; };
		D3F2EECA2BECEE2C000F31AD /* ProjectListModuleFactoryProtocol.swift */ = {isa = PBXFileReference; lastKnownFileType = sourcecode.swift; path = ProjectListModuleFactoryProtocol.swift; sourceTree = "<group>"; };
		D3F2EECD2BECEF31000F31AD /* ProjectListModuleFactory.swift */ = {isa = PBXFileReference; lastKnownFileType = sourcecode.swift; path = ProjectListModuleFactory.swift; sourceTree = "<group>"; };
/* End PBXFileReference section */

/* Begin PBXFrameworksBuildPhase section */
		D30A7D7E2BE8F11400325A76 /* Frameworks */ = {
			isa = PBXFrameworksBuildPhase;
			buildActionMask = 2147483647;
			files = (
				D30A7D9D2BE8F82C00325A76 /* PinLayout in Frameworks */,
			);
			runOnlyForDeploymentPostprocessing = 0;
		};
/* End PBXFrameworksBuildPhase section */

/* Begin PBXGroup section */
		D30A7D782BE8F11400325A76 = {
			isa = PBXGroup;
			children = (
				D30A7D832BE8F11400325A76 /* subtitlify */,
				D30A7D822BE8F11400325A76 /* Products */,
				D38D013C2BEA3808009E3E83 /* Frameworks */,
			);
			sourceTree = "<group>";
		};
		D30A7D822BE8F11400325A76 /* Products */ = {
			isa = PBXGroup;
			children = (
				D30A7D812BE8F11400325A76 /* subtitlify.app */,
			);
			name = Products;
			sourceTree = "<group>";
		};
		D30A7D832BE8F11400325A76 /* subtitlify */ = {
			isa = PBXGroup;
			children = (
				D38D013B2BEA30DC009E3E83 /* Vendor */,
				D30A7D982BE8F7ED00325A76 /* Base */,
				D30A7D992BE8F7F200325A76 /* Design */,
				D30A7DA12BE8F8A900325A76 /* DI */,
				D30A7DC52BE8FFCE00325A76 /* Services */,
				D30A7D9A2BE8F7F800325A76 /* UI */,
				D30A7E272BE9646600325A76 /* Resources */,
				D30A7D842BE8F11400325A76 /* AppDelegate.swift */,
				D30A7D922BE8F11500325A76 /* Info.plist */,
				D38D013A2BEA3056009E3E83 /* subtitlify-Bridging-Header.h */,
			);
			path = subtitlify;
			sourceTree = "<group>";
		};
		D30A7D982BE8F7ED00325A76 /* Base */ = {
			isa = PBXGroup;
			children = (
				D30A7E062BE95B7D00325A76 /* Coordinators */,
				D30A7DA72BE8FCB400325A76 /* UIKitExtensions */,
				D30A7DB62BE8FE6500325A76 /* UIKitBase */,
				D30A7DC22BE8FF0600325A76 /* Utils */,
				D30A7DB92BE8FE6500325A76 /* Mvvm */,
				D38D012B2BEA026E009E3E83 /* Media */,
			);
			path = Base;
			sourceTree = "<group>";
		};
		D30A7D992BE8F7F200325A76 /* Design */ = {
			isa = PBXGroup;
			children = (
				D30A7DA52BE8FB7600325A76 /* Design.swift */,
				D30A7DFE2BE9506100325A76 /* Design.Metrics.swift */,
				D30A7E002BE9506900325A76 /* Design.Fonts.swift */,
				D30A7E022BE9507200325A76 /* Design.Colors.swift */,
				D30A7E042BE951D000325A76 /* Design.Appearance.swift */,
				D38D01322BEA0827009E3E83 /* Buttons.swift */,
			);
			path = Design;
			sourceTree = "<group>";
		};
		D30A7D9A2BE8F7F800325A76 /* UI */ = {
			isa = PBXGroup;
			children = (
				D30A7D9F2BE8F86100325A76 /* RootContainer */,
				D30A7D9E2BE8F85A00325A76 /* Launch */,
				D30A7DA02BE8F87400325A76 /* HomeContainer */,
				D30A7DE02BE93AF700325A76 /* ProjectsFlow */,
				D30A7DA32BE8F9EC00325A76 /* ProjectList */,
				D30A7DA22BE8F9E400325A76 /* About */,
				D30A7DCC2BE908E100325A76 /* EditorFlow */,
				D30A7DCD2BE908F000325A76 /* ProjectCreate */,
				D30A7DA42BE8FA0800325A76 /* Editor */,
				D30A7E1A2BE9641700325A76 /* MediaPermissions */,
			);
			path = UI;
			sourceTree = "<group>";
		};
		D30A7D9E2BE8F85A00325A76 /* Launch */ = {
			isa = PBXGroup;
			children = (
				D30A7DC62BE900DB00325A76 /* LaunchViewController.swift */,
			);
			path = Launch;
			sourceTree = "<group>";
		};
		D30A7D9F2BE8F86100325A76 /* RootContainer */ = {
			isa = PBXGroup;
			children = (
				D30A7DE22BE93B7100325A76 /* Coordinator */,
				D30A7DE12BE93B6B00325A76 /* Module */,
				D30A7DE32BE93B7700325A76 /* Factory */,
			);
			path = RootContainer;
			sourceTree = "<group>";
		};
		D30A7DA02BE8F87400325A76 /* HomeContainer */ = {
			isa = PBXGroup;
			children = (
				D30A7DF02BE946A400325A76 /* Coordinator */,
				D30A7DF12BE946AA00325A76 /* Module */,
				D30A7DF22BE946AF00325A76 /* Factory */,
			);
			path = HomeContainer;
			sourceTree = "<group>";
		};
		D30A7DA12BE8F8A900325A76 /* DI */ = {
			isa = PBXGroup;
			children = (
				D30A7DC82BE906E000325A76 /* AppContainerProtocol.swift */,
				D30A7DCA2BE906F600325A76 /* AppContainer.swift */,
			);
			path = DI;
			sourceTree = "<group>";
		};
		D30A7DA22BE8F9E400325A76 /* About */ = {
			isa = PBXGroup;
			children = (
			);
			path = About;
			sourceTree = "<group>";
		};
		D30A7DA32BE8F9EC00325A76 /* ProjectList */ = {
			isa = PBXGroup;
			children = (
				D3F2EEC92BECEE23000F31AD /* Factory */,
			);
			path = ProjectList;
			sourceTree = "<group>";
		};
		D30A7DA42BE8FA0800325A76 /* Editor */ = {
			isa = PBXGroup;
			children = (
				D30A7E1B2BE9642300325A76 /* View */,
				D30A7E1C2BE9642A00325A76 /* ViewModel */,
				D30A7E1D2BE9642F00325A76 /* Module */,
				D30A7E1E2BE9643500325A76 /* Factory */,
			);
			path = Editor;
			sourceTree = "<group>";
		};
		D30A7DA72BE8FCB400325A76 /* UIKitExtensions */ = {
			isa = PBXGroup;
			children = (
				D30A7DA82BE8FCB400325A76 /* UINavigationController+Completion.swift */,
				D30A7DA92BE8FCB400325A76 /* UIView+Debug.swift */,
				D30A7DAA2BE8FCB400325A76 /* UIViewController+Helpers.swift */,
				D30A7DAB2BE8FCB400325A76 /* UIView+BoundingRect.swift */,
				D30A7DAC2BE8FCB400325A76 /* UIApplication+KeyWindow.swift */,
				D30A7DAD2BE8FCB400325A76 /* UIColor+Components.swift */,
				D30A7DAE2BE8FCB400325A76 /* UIImage+.swift */,
				D38D01352BEA19BC009E3E83 /* PinLayout+.swift */,
			);
			path = UIKitExtensions;
			sourceTree = "<group>";
		};
		D30A7DB62BE8FE6500325A76 /* UIKitBase */ = {
			isa = PBXGroup;
			children = (
				D30A7DDD2BE9221C00325A76 /* ViewLifecycleObservable.swift */,
				D30A7DB72BE8FE6500325A76 /* BaseViewController.swift */,
				D30A7DD72BE91C7A00325A76 /* BaseTabBarController.swift */,
				D30A7DB82BE8FE6500325A76 /* LoadingView.swift */,
				D3DD28F12BEBCEF000542276 /* ImagePickerDelegateProxy.swift */,
			);
			path = UIKitBase;
			sourceTree = "<group>";
		};
		D30A7DB92BE8FE6500325A76 /* Mvvm */ = {
			isa = PBXGroup;
			children = (
				D30A7DBA2BE8FE6500325A76 /* ViewModel.swift */,
				D30A7DBB2BE8FE6500325A76 /* MvvmUIKitViewController.swift */,
				D30A7DBC2BE8FE6500325A76 /* MvvmUIKitView.swift */,
			);
			path = Mvvm;
			sourceTree = "<group>";
		};
		D30A7DC22BE8FF0600325A76 /* Utils */ = {
			isa = PBXGroup;
			children = (
				D30A7DC32BE8FF0600325A76 /* DisposeBag.swift */,
				D30A7DEE2BE943E500325A76 /* SuperTimer.swift */,
				D38D01262BE9FCA0009E3E83 /* AppStateSubscriber.swift */,
			);
			path = Utils;
			sourceTree = "<group>";
		};
		D30A7DC52BE8FFCE00325A76 /* Services */ = {
			isa = PBXGroup;
			children = (
				D3F2EEB42BECDC8B000F31AD /* Captioning */,
				D3F2EE972BEBE31C000F31AD /* SystemPermissions */,
				D3F2EE902BEBDF85000F31AD /* Projects */,
			);
			path = Services;
			sourceTree = "<group>";
		};
		D30A7DCC2BE908E100325A76 /* EditorFlow */ = {
			isa = PBXGroup;
			children = (
				D30A7E0B2BE95EE400325A76 /* Coordinator */,
				D30A7E0C2BE95EED00325A76 /* Module */,
				D30A7E0D2BE95EF400325A76 /* Factory */,
			);
			path = EditorFlow;
			sourceTree = "<group>";
		};
		D30A7DCD2BE908F000325A76 /* ProjectCreate */ = {
			isa = PBXGroup;
			children = (
				D30A7E262BE9644C00325A76 /* View */,
				D30A7E252BE9644C00325A76 /* ViewModel */,
				D30A7E232BE9644C00325A76 /* Module */,
				D30A7E242BE9644C00325A76 /* Factory */,
			);
			path = ProjectCreate;
			sourceTree = "<group>";
		};
		D30A7DE02BE93AF700325A76 /* ProjectsFlow */ = {
			isa = PBXGroup;
			children = (
				D3F2EEC72BECED8B000F31AD /* Coordinator */,
				D3F2EEB92BECECA5000F31AD /* Module */,
				D3F2EEBE2BECECA8000F31AD /* Factory */,
			);
			path = ProjectsFlow;
			sourceTree = "<group>";
		};
		D30A7DE12BE93B6B00325A76 /* Module */ = {
			isa = PBXGroup;
			children = (
				D30A7DE82BE93D8700325A76 /* RootContainerModuleSeed.swift */,
				D30A7DE62BE93B9200325A76 /* RootContainerModuleInput.swift */,
				D30A7DE42BE93B8900325A76 /* RootContainerModule.swift */,
			);
			path = Module;
			sourceTree = "<group>";
		};
		D30A7DE22BE93B7100325A76 /* Coordinator */ = {
			isa = PBXGroup;
			children = (
				D30A7DCF2BE9153000325A76 /* RootContainerViewController.swift */,
				D30A7DD12BE915A500325A76 /* RootCoordinator.swift */,
				D30A7DD32BE915F300325A76 /* RootContentType.swift */,
			);
			path = Coordinator;
			sourceTree = "<group>";
		};
		D30A7DE32BE93B7700325A76 /* Factory */ = {
			isa = PBXGroup;
			children = (
				D30A7DEA2BE93E4A00325A76 /* RootContainerModuleFactoryProtocol.swift */,
				D30A7DEC2BE93E6C00325A76 /* RootContainerModuleFactory.swift */,
			);
			path = Factory;
			sourceTree = "<group>";
		};
		D30A7DF02BE946A400325A76 /* Coordinator */ = {
			isa = PBXGroup;
			children = (
				D30A7DD52BE9179B00325A76 /* HomeContainerViewController.swift */,
				D30A7DD92BE91CD500325A76 /* HomeCoordinator.swift */,
				D30A7DDB2BE91D3300325A76 /* HomeContentType.swift */,
			);
			path = Coordinator;
			sourceTree = "<group>";
		};
		D30A7DF12BE946AA00325A76 /* Module */ = {
			isa = PBXGroup;
			children = (
				D30A7DF52BE946CB00325A76 /* HomeContainerModuleSeed.swift */,
				D30A7DF32BE946CB00325A76 /* HomeContainerModuleInput.swift */,
				D30A7DF42BE946CB00325A76 /* HomeContainerModule.swift */,
			);
			path = Module;
			sourceTree = "<group>";
		};
		D30A7DF22BE946AF00325A76 /* Factory */ = {
			isa = PBXGroup;
			children = (
				D30A7DF62BE9474E00325A76 /* HomeContainerModuleFactoryProtocol.swift */,
				D30A7DF82BE9475700325A76 /* HomeContainerModuleFactory.swift */,
			);
			path = Factory;
			sourceTree = "<group>";
		};
		D30A7E062BE95B7D00325A76 /* Coordinators */ = {
			isa = PBXGroup;
			children = (
				D30A7E072BE95B8900325A76 /* NavigationCoordinator.swift */,
				D30A7E092BE95B9200325A76 /* TrackableStackNavigationCoordinator.swift */,
			);
			path = Coordinators;
			sourceTree = "<group>";
		};
		D30A7E0B2BE95EE400325A76 /* Coordinator */ = {
			isa = PBXGroup;
			children = (
				D30A7E182BE9620300325A76 /* EditorFlowCoordinator.swift */,
			);
			path = Coordinator;
			sourceTree = "<group>";
		};
		D30A7E0C2BE95EED00325A76 /* Module */ = {
			isa = PBXGroup;
			children = (
				D30A7E102BE95F3C00325A76 /* EditorFlowModuleSeed.swift */,
				D30A7E122BE95F4500325A76 /* EditorFlowModuleInput.swift */,
				D30A7E0E2BE95F2800325A76 /* EditorFlowModule.swift */,
				D3F2EE9E2BEBF3DB000F31AD /* EditorFlowContext.swift */,
			);
			path = Module;
			sourceTree = "<group>";
		};
		D30A7E0D2BE95EF400325A76 /* Factory */ = {
			isa = PBXGroup;
			children = (
				D30A7E162BE9609000325A76 /* EditorFlowModuleFactoryProtocol.swift */,
				D30A7E142BE9608900325A76 /* EditorFlowModuleFactory.swift */,
			);
			path = Factory;
			sourceTree = "<group>";
		};
		D30A7E1A2BE9641700325A76 /* MediaPermissions */ = {
			isa = PBXGroup;
			children = (
				D30A7E222BE9644800325A76 /* View */,
				D30A7E202BE9644800325A76 /* ViewModel */,
				D30A7E1F2BE9644800325A76 /* Module */,
				D30A7E212BE9644800325A76 /* Factory */,
			);
			path = MediaPermissions;
			sourceTree = "<group>";
		};
		D30A7E1B2BE9642300325A76 /* View */ = {
			isa = PBXGroup;
			children = (
				D30A7E382BE97AE300325A76 /* EditorViewController.swift */,
				D30A7E3A2BE97AEA00325A76 /* EditorView.swift */,
			);
			path = View;
			sourceTree = "<group>";
		};
		D30A7E1C2BE9642A00325A76 /* ViewModel */ = {
			isa = PBXGroup;
			children = (
				D30A7E3C2BE97B7B00325A76 /* EditorViewModel.swift */,
				D30A7E3E2BE97B8200325A76 /* EditorViewState.swift */,
			);
			path = ViewModel;
			sourceTree = "<group>";
		};
		D30A7E1D2BE9642F00325A76 /* Module */ = {
			isa = PBXGroup;
			children = (
				D30A7E282BE9652600325A76 /* EditorModuleSeed.swift */,
				D30A7E292BE9652600325A76 /* EditorModuleInput.swift */,
				D30A7E2A2BE9652600325A76 /* EditorModule.swift */,
				D3F2EEA02BEBF5C6000F31AD /* EditorContext.swift */,
			);
			path = Module;
			sourceTree = "<group>";
		};
		D30A7E1E2BE9643500325A76 /* Factory */ = {
			isa = PBXGroup;
			children = (
				D30A7E2B2BE9658000325A76 /* EditorModuleFactoryProtocol.swift */,
				D30A7E402BE97CAD00325A76 /* EditorModuleFactory.swift */,
			);
			path = Factory;
			sourceTree = "<group>";
		};
		D30A7E1F2BE9644800325A76 /* Module */ = {
			isa = PBXGroup;
			children = (
				D30A7E2E2BE965B600325A76 /* MediaPermissionsModuleSeed.swift */,
				D30A7E2C2BE965B500325A76 /* MediaPermissionsModuleInput.swift */,
				D30A7E2D2BE965B500325A76 /* MediaPermissionsModule.swift */,
			);
			path = Module;
			sourceTree = "<group>";
		};
		D30A7E202BE9644800325A76 /* ViewModel */ = {
			isa = PBXGroup;
			children = (
			);
			path = ViewModel;
			sourceTree = "<group>";
		};
		D30A7E212BE9644800325A76 /* Factory */ = {
			isa = PBXGroup;
			children = (
				D30A7E2F2BE9660D00325A76 /* MediaPermissionsModuleFactoryProtocol.swift */,
				D30A7E432BE97D6A00325A76 /* MediaPermissionsModuleFactory.swift */,
			);
			path = Factory;
			sourceTree = "<group>";
		};
		D30A7E222BE9644800325A76 /* View */ = {
			isa = PBXGroup;
			children = (
			);
			path = View;
			sourceTree = "<group>";
		};
		D30A7E232BE9644C00325A76 /* Module */ = {
			isa = PBXGroup;
			children = (
				D3F2EEA32BEC9395000F31AD /* ProjectCreateModuleSeed.swift */,
				D3F2EEA42BEC9395000F31AD /* ProjectCreateModuleInput.swift */,
				D3F2EEA22BEC9395000F31AD /* ProjectCreateModule.swift */,
			);
			path = Module;
			sourceTree = "<group>";
		};
		D30A7E242BE9644C00325A76 /* Factory */ = {
			isa = PBXGroup;
			children = (
				D3F2EEA52BEC9399000F31AD /* ProjectCreateModuleFactoryProtocol.swift */,
				D3F2EEA62BEC9399000F31AD /* ProjectCreateModuleFactory.swift */,
			);
			path = Factory;
			sourceTree = "<group>";
		};
		D30A7E252BE9644C00325A76 /* ViewModel */ = {
			isa = PBXGroup;
			children = (
				D3F2EEAF2BEC9921000F31AD /* ProjectCreateViewModel.swift */,
				D3F2EEAE2BEC9921000F31AD /* ProjectCreateViewState.swift */,
			);
			path = ViewModel;
			sourceTree = "<group>";
		};
		D30A7E262BE9644C00325A76 /* View */ = {
			isa = PBXGroup;
			children = (
				D3F2EEAC2BEC9829000F31AD /* ProjectCreateViewController.swift */,
				D3F2EEAD2BEC9859000F31AD /* ProjectCreateView.swift */,
			);
			path = View;
			sourceTree = "<group>";
		};
		D30A7E272BE9646600325A76 /* Resources */ = {
			isa = PBXGroup;
			children = (
				D3DD28EB2BEAB42B00542276 /* video_short.mp4 */,
				D38D01282BEA01AA009E3E83 /* video.mp4 */,
				D30A7D8D2BE8F11500325A76 /* Assets.xcassets */,
				D30A7D8F2BE8F11500325A76 /* LaunchScreen.storyboard */,
			);
			path = Resources;
			sourceTree = "<group>";
		};
		D38D012B2BEA026E009E3E83 /* Media */ = {
			isa = PBXGroup;
			children = (
				D38D012C2BEA027E009E3E83 /* Video.swift */,
				D38D012E2BEA0347009E3E83 /* MediaUtils.swift */,
				D38D01302BEA0421009E3E83 /* ObservablePlayer.swift */,
				D38D01372BEA3001009E3E83 /* VideoTranscriptionProvider.swift */,
			);
			path = Media;
			sourceTree = "<group>";
		};
		D38D013B2BEA30DC009E3E83 /* Vendor */ = {
			isa = PBXGroup;
			children = (
				D38D01422BEA392B009E3E83 /* MYAudioTapProcessor.h */,
				D38D01432BEA392B009E3E83 /* MYAudioTapProcessor.m */,
			);
			path = Vendor;
			sourceTree = "<group>";
		};
		D38D013C2BEA3808009E3E83 /* Frameworks */ = {
			isa = PBXGroup;
			children = (
				D38D013D2BEA3808009E3E83 /* CoreAudioTypes.framework */,
			);
			name = Frameworks;
			sourceTree = "<group>";
		};
		D3F2EE902BEBDF85000F31AD /* Projects */ = {
			isa = PBXGroup;
			children = (
				D3F2EE912BEBDF99000F31AD /* Project.swift */,
				D3F2EE932BEBDFA4000F31AD /* ProjectsProviderProtocol.swift */,
				D3F2EE952BEBDFAC000F31AD /* ProjectsProvider.swift */,
				D3F2EEB72BECDE80000F31AD /* ProjectsError.swift */,
			);
			path = Projects;
			sourceTree = "<group>";
		};
		D3F2EE972BEBE31C000F31AD /* SystemPermissions */ = {
			isa = PBXGroup;
			children = (
				D3F2EE982BEBE327000F31AD /* SystemPermission.swift */,
				D3F2EE9A2BEBE46A000F31AD /* SystemPermissionsProviderProtocol.swift */,
				D3F2EE9C2BEBE483000F31AD /* SystemPermissionsProvider.swift */,
			);
			path = SystemPermissions;
			sourceTree = "<group>";
		};
		D3F2EEB42BECDC8B000F31AD /* Captioning */ = {
			isa = PBXGroup;
			children = (
				D3DD28ED2BEBA98C00542276 /* CaptioningDecorator.swift */,
				D3F2EEB52BECDCAE000F31AD /* CaptioningMode.swift */,
			);
			path = Captioning;
			sourceTree = "<group>";
		};
		D3F2EEB92BECECA5000F31AD /* Module */ = {
			isa = PBXGroup;
			children = (
				D3F2EEBA2BECECA5000F31AD /* ProjectsFlowModuleSeed.swift */,
				D3F2EEBD2BECECA5000F31AD /* ProjectsFlowModuleInput.swift */,
				D3F2EEBB2BECECA5000F31AD /* ProjectsFlowModule.swift */,
			);
			path = Module;
			sourceTree = "<group>";
		};
		D3F2EEBE2BECECA8000F31AD /* Factory */ = {
			isa = PBXGroup;
			children = (
				D3F2EEC02BECECA9000F31AD /* ProjectsFlowModuleFactoryProtocol.swift */,
				D3F2EEBF2BECECA9000F31AD /* ProjectsFlowModuleFactory.swift */,
			);
			path = Factory;
			sourceTree = "<group>";
		};
		D3F2EEC72BECED8B000F31AD /* Coordinator */ = {
			isa = PBXGroup;
			children = (
				D3F2EEC82BECED8B000F31AD /* ProjectsFlowCoordinator.swift */,
			);
			path = Coordinator;
			sourceTree = "<group>";
		};
		D3F2EEC92BECEE23000F31AD /* Factory */ = {
			isa = PBXGroup;
			children = (
				D3F2EECA2BECEE2C000F31AD /* ProjectListModuleFactoryProtocol.swift */,
				D3F2EECD2BECEF31000F31AD /* ProjectListModuleFactory.swift */,
			);
			path = Factory;
			sourceTree = "<group>";
		};
/* End PBXGroup section */

/* Begin PBXNativeTarget section */
		D30A7D802BE8F11400325A76 /* subtitlify */ = {
			isa = PBXNativeTarget;
			buildConfigurationList = D30A7D952BE8F11500325A76 /* Build configuration list for PBXNativeTarget "subtitlify" */;
			buildPhases = (
				D30A7D7D2BE8F11400325A76 /* Sources */,
				D30A7D7E2BE8F11400325A76 /* Frameworks */,
				D30A7D7F2BE8F11400325A76 /* Resources */,
			);
			buildRules = (
			);
			dependencies = (
			);
			name = subtitlify;
			packageProductDependencies = (
				D30A7D9C2BE8F82C00325A76 /* PinLayout */,
			);
			productName = subtitlify;
			productReference = D30A7D812BE8F11400325A76 /* subtitlify.app */;
			productType = "com.apple.product-type.application";
		};
/* End PBXNativeTarget section */

/* Begin PBXProject section */
		D30A7D792BE8F11400325A76 /* Project object */ = {
			isa = PBXProject;
			attributes = {
				BuildIndependentTargetsInParallel = 1;
				LastSwiftUpdateCheck = 1500;
				LastUpgradeCheck = 1500;
				TargetAttributes = {
					D30A7D802BE8F11400325A76 = {
						CreatedOnToolsVersion = 15.0;
					};
				};
			};
			buildConfigurationList = D30A7D7C2BE8F11400325A76 /* Build configuration list for PBXProject "subtitlify" */;
			compatibilityVersion = "Xcode 14.0";
			developmentRegion = en;
			hasScannedForEncodings = 0;
			knownRegions = (
				en,
				Base,
			);
			mainGroup = D30A7D782BE8F11400325A76;
			packageReferences = (
				D30A7D9B2BE8F82C00325A76 /* XCRemoteSwiftPackageReference "PinLayout" */,
			);
			productRefGroup = D30A7D822BE8F11400325A76 /* Products */;
			projectDirPath = "";
			projectRoot = "";
			targets = (
				D30A7D802BE8F11400325A76 /* subtitlify */,
			);
		};
/* End PBXProject section */

/* Begin PBXResourcesBuildPhase section */
		D30A7D7F2BE8F11400325A76 /* Resources */ = {
			isa = PBXResourcesBuildPhase;
			buildActionMask = 2147483647;
			files = (
				D3DD28EC2BEAB42B00542276 /* video_short.mp4 in Resources */,
				D30A7D912BE8F11500325A76 /* LaunchScreen.storyboard in Resources */,
				D38D01292BEA01AA009E3E83 /* video.mp4 in Resources */,
				D30A7D8E2BE8F11500325A76 /* Assets.xcassets in Resources */,
			);
			runOnlyForDeploymentPostprocessing = 0;
		};
/* End PBXResourcesBuildPhase section */

/* Begin PBXSourcesBuildPhase section */
		D30A7D7D2BE8F11400325A76 /* Sources */ = {
			isa = PBXSourcesBuildPhase;
			buildActionMask = 2147483647;
			files = (
				D30A7DDC2BE91D3300325A76 /* HomeContentType.swift in Sources */,
				D30A7E172BE9609000325A76 /* EditorFlowModuleFactoryProtocol.swift in Sources */,
				D3F2EECF2BECF2AE000F31AD /* ProjectsFlowCoordinator.swift in Sources */,
				D3F2EEA92BEC93B1000F31AD /* ProjectCreateModuleInput.swift in Sources */,
				D30A7DD62BE9179B00325A76 /* HomeContainerViewController.swift in Sources */,
				D30A7E302BE9662A00325A76 /* EditorModuleInput.swift in Sources */,
				D3F2EEAA2BEC93B1000F31AD /* ProjectCreateModuleSeed.swift in Sources */,
				D30A7DB22BE8FCB400325A76 /* UIView+BoundingRect.swift in Sources */,
				D30A7E132BE95F4500325A76 /* EditorFlowModuleInput.swift in Sources */,
				D30A7DC72BE900DB00325A76 /* LaunchViewController.swift in Sources */,
				D38D01382BEA3001009E3E83 /* VideoTranscriptionProvider.swift in Sources */,
				D38D01312BEA0421009E3E83 /* ObservablePlayer.swift in Sources */,
				D3F2EEA12BEBF5C6000F31AD /* EditorContext.swift in Sources */,
				D30A7DB02BE8FCB400325A76 /* UIView+Debug.swift in Sources */,
				D3F2EE962BEBDFAC000F31AD /* ProjectsProvider.swift in Sources */,
				D30A7DBD2BE8FE6500325A76 /* BaseViewController.swift in Sources */,
				D38D012D2BEA027E009E3E83 /* Video.swift in Sources */,
				D30A7E032BE9507200325A76 /* Design.Colors.swift in Sources */,
				D3F2EE922BEBDF99000F31AD /* Project.swift in Sources */,
				D3F2EE9D2BEBE483000F31AD /* SystemPermissionsProvider.swift in Sources */,
				D30A7E322BE9662A00325A76 /* EditorModule.swift in Sources */,
				D30A7E412BE97CAD00325A76 /* EditorModuleFactory.swift in Sources */,
				D30A7DFC2BE9479100325A76 /* HomeContainerModule.swift in Sources */,
				D3F2EEA82BEC93AE000F31AD /* ProjectCreateModuleFactoryProtocol.swift in Sources */,
				D3F2EE9B2BEBE46A000F31AD /* SystemPermissionsProviderProtocol.swift in Sources */,
				D38D01362BEA19BC009E3E83 /* PinLayout+.swift in Sources */,
				D3F2EEA72BEC93AE000F31AD /* ProjectCreateModuleFactory.swift in Sources */,
				D30A7DFD2BE94B1600325A76 /* HomeContainerModuleFactoryProtocol.swift in Sources */,
				D30A7E392BE97AE300325A76 /* EditorViewController.swift in Sources */,
				D30A7E192BE9620300325A76 /* EditorFlowCoordinator.swift in Sources */,
				D30A7DC12BE8FE6500325A76 /* MvvmUIKitView.swift in Sources */,
				D30A7DB42BE8FCB400325A76 /* UIColor+Components.swift in Sources */,
				D30A7E0A2BE95B9200325A76 /* TrackableStackNavigationCoordinator.swift in Sources */,
				D30A7E442BE97D6A00325A76 /* MediaPermissionsModuleFactory.swift in Sources */,
				D30A7DDA2BE91CD500325A76 /* HomeCoordinator.swift in Sources */,
				D38D01332BEA0827009E3E83 /* Buttons.swift in Sources */,
				D3F2EEC52BECECB7000F31AD /* ProjectsFlowModuleInput.swift in Sources */,
				D30A7E052BE951D000325A76 /* Design.Appearance.swift in Sources */,
				D30A7DC92BE906E000325A76 /* AppContainerProtocol.swift in Sources */,
				D30A7DEB2BE93E4A00325A76 /* RootContainerModuleFactoryProtocol.swift in Sources */,
				D3F2EEC32BECECB7000F31AD /* ProjectsFlowModuleFactoryProtocol.swift in Sources */,
				D30A7DF92BE9475700325A76 /* HomeContainerModuleFactory.swift in Sources */,
				D30A7DD82BE91C7A00325A76 /* BaseTabBarController.swift in Sources */,
				D3F2EEB32BEC9AA7000F31AD /* ProjectCreateView.swift in Sources */,
				D3F2EEC12BECECB7000F31AD /* ProjectsFlowModuleSeed.swift in Sources */,
				D3F2EE992BEBE327000F31AD /* SystemPermission.swift in Sources */,
				D3F2EEB22BEC9AA7000F31AD /* ProjectCreateViewState.swift in Sources */,
				D30A7DA62BE8FB7600325A76 /* Design.swift in Sources */,
				D30A7DDE2BE9221C00325A76 /* ViewLifecycleObservable.swift in Sources */,
				D30A7DBE2BE8FE6500325A76 /* LoadingView.swift in Sources */,
				D30A7E3D2BE97B7B00325A76 /* EditorViewModel.swift in Sources */,
				D30A7E3F2BE97B8200325A76 /* EditorViewState.swift in Sources */,
				D30A7DE92BE93D8700325A76 /* RootContainerModuleSeed.swift in Sources */,
				D30A7DD42BE915F300325A76 /* RootContentType.swift in Sources */,
				D38D01442BEA392B009E3E83 /* MYAudioTapProcessor.m in Sources */,
				D30A7DCB2BE906F600325A76 /* AppContainer.swift in Sources */,
				D30A7DFA2BE9478C00325A76 /* HomeContainerModuleSeed.swift in Sources */,
				D30A7E312BE9662A00325A76 /* EditorModuleSeed.swift in Sources */,
				D30A7DE72BE93B9200325A76 /* RootContainerModuleInput.swift in Sources */,
				D30A7E372BE9662A00325A76 /* MediaPermissionsModuleInput.swift in Sources */,
				D30A7DD02BE9153000325A76 /* RootContainerViewController.swift in Sources */,
				D30A7E362BE9662A00325A76 /* MediaPermissionsModule.swift in Sources */,
				D30A7DBF2BE8FE6500325A76 /* ViewModel.swift in Sources */,
				D38D01272BE9FCA0009E3E83 /* AppStateSubscriber.swift in Sources */,
				D30A7DAF2BE8FCB400325A76 /* UINavigationController+Completion.swift in Sources */,
				D30A7DD22BE915A500325A76 /* RootCoordinator.swift in Sources */,
				D3F2EEB82BECDE80000F31AD /* ProjectsError.swift in Sources */,
				D30A7DFF2BE9506100325A76 /* Design.Metrics.swift in Sources */,
				D3F2EEAB2BEC93B1000F31AD /* ProjectCreateModule.swift in Sources */,
				D30A7E342BE9662A00325A76 /* EditorModuleFactoryProtocol.swift in Sources */,
				D3F2EE942BEBDFA4000F31AD /* ProjectsProviderProtocol.swift in Sources */,
				D3F2EECE2BECEF31000F31AD /* ProjectListModuleFactory.swift in Sources */,
				D3F2EE9F2BEBF3DB000F31AD /* EditorFlowContext.swift in Sources */,
				D30A7E112BE95F3C00325A76 /* EditorFlowModuleSeed.swift in Sources */,
				D30A7E332BE9662A00325A76 /* MediaPermissionsModuleFactoryProtocol.swift in Sources */,
				D3DD28F22BEBCEF000542276 /* ImagePickerDelegateProxy.swift in Sources */,
				D30A7E352BE9662A00325A76 /* MediaPermissionsModuleSeed.swift in Sources */,
				D30A7DFB2BE9479100325A76 /* HomeContainerModuleInput.swift in Sources */,
				D3F2EECB2BECEE2C000F31AD /* ProjectListModuleFactoryProtocol.swift in Sources */,
				D30A7DB12BE8FCB400325A76 /* UIViewController+Helpers.swift in Sources */,
				D30A7DB52BE8FCB400325A76 /* UIImage+.swift in Sources */,
				D3DD28EE2BEBA98C00542276 /* CaptioningDecorator.swift in Sources */,
				D30A7E152BE9608900325A76 /* EditorFlowModuleFactory.swift in Sources */,
				D3F2EEB12BEC9AA7000F31AD /* ProjectCreateViewController.swift in Sources */,
				D38D012F2BEA0347009E3E83 /* MediaUtils.swift in Sources */,
				D30A7E082BE95B8900325A76 /* NavigationCoordinator.swift in Sources */,
				D3F2EEB62BECDCAE000F31AD /* CaptioningMode.swift in Sources */,
				D30A7DC42BE8FF0600325A76 /* DisposeBag.swift in Sources */,
				D30A7DED2BE93E6C00325A76 /* RootContainerModuleFactory.swift in Sources */,
				D3F2EEC42BECECB7000F31AD /* ProjectsFlowModuleFactory.swift in Sources */,
				D30A7DC02BE8FE6500325A76 /* MvvmUIKitViewController.swift in Sources */,
				D3F2EEB02BEC9AA7000F31AD /* ProjectCreateViewModel.swift in Sources */,
				D30A7DEF2BE943E500325A76 /* SuperTimer.swift in Sources */,
				D30A7DE52BE93B8900325A76 /* RootContainerModule.swift in Sources */,
				D30A7DB32BE8FCB400325A76 /* UIApplication+KeyWindow.swift in Sources */,
				D30A7E3B2BE97AEA00325A76 /* EditorView.swift in Sources */,
				D30A7E0F2BE95F2800325A76 /* EditorFlowModule.swift in Sources */,
				D30A7D852BE8F11400325A76 /* AppDelegate.swift in Sources */,
				D3F2EEC22BECECB7000F31AD /* ProjectsFlowModule.swift in Sources */,
				D30A7E012BE9506900325A76 /* Design.Fonts.swift in Sources */,
			);
			runOnlyForDeploymentPostprocessing = 0;
		};
/* End PBXSourcesBuildPhase section */

/* Begin PBXVariantGroup section */
		D30A7D8F2BE8F11500325A76 /* LaunchScreen.storyboard */ = {
			isa = PBXVariantGroup;
			children = (
				D30A7D902BE8F11500325A76 /* Base */,
			);
			name = LaunchScreen.storyboard;
			sourceTree = "<group>";
		};
/* End PBXVariantGroup section */

/* Begin XCBuildConfiguration section */
		D30A7D932BE8F11500325A76 /* Debug */ = {
			isa = XCBuildConfiguration;
			buildSettings = {
				ALWAYS_SEARCH_USER_PATHS = NO;
				ASSETCATALOG_COMPILER_GENERATE_SWIFT_ASSET_SYMBOL_EXTENSIONS = YES;
				CLANG_ANALYZER_NONNULL = YES;
				CLANG_ANALYZER_NUMBER_OBJECT_CONVERSION = YES_AGGRESSIVE;
				CLANG_CXX_LANGUAGE_STANDARD = "gnu++20";
				CLANG_ENABLE_MODULES = YES;
				CLANG_ENABLE_OBJC_ARC = YES;
				CLANG_ENABLE_OBJC_WEAK = YES;
				CLANG_WARN_BLOCK_CAPTURE_AUTORELEASING = YES;
				CLANG_WARN_BOOL_CONVERSION = YES;
				CLANG_WARN_COMMA = YES;
				CLANG_WARN_CONSTANT_CONVERSION = YES;
				CLANG_WARN_DEPRECATED_OBJC_IMPLEMENTATIONS = YES;
				CLANG_WARN_DIRECT_OBJC_ISA_USAGE = YES_ERROR;
				CLANG_WARN_DOCUMENTATION_COMMENTS = YES;
				CLANG_WARN_EMPTY_BODY = YES;
				CLANG_WARN_ENUM_CONVERSION = YES;
				CLANG_WARN_INFINITE_RECURSION = YES;
				CLANG_WARN_INT_CONVERSION = YES;
				CLANG_WARN_NON_LITERAL_NULL_CONVERSION = YES;
				CLANG_WARN_OBJC_IMPLICIT_RETAIN_SELF = YES;
				CLANG_WARN_OBJC_LITERAL_CONVERSION = YES;
				CLANG_WARN_OBJC_ROOT_CLASS = YES_ERROR;
				CLANG_WARN_QUOTED_INCLUDE_IN_FRAMEWORK_HEADER = YES;
				CLANG_WARN_RANGE_LOOP_ANALYSIS = YES;
				CLANG_WARN_STRICT_PROTOTYPES = YES;
				CLANG_WARN_SUSPICIOUS_MOVE = YES;
				CLANG_WARN_UNGUARDED_AVAILABILITY = YES_AGGRESSIVE;
				CLANG_WARN_UNREACHABLE_CODE = YES;
				CLANG_WARN__DUPLICATE_METHOD_MATCH = YES;
				COPY_PHASE_STRIP = NO;
				DEBUG_INFORMATION_FORMAT = dwarf;
				ENABLE_STRICT_OBJC_MSGSEND = YES;
				ENABLE_TESTABILITY = YES;
				ENABLE_USER_SCRIPT_SANDBOXING = YES;
				GCC_C_LANGUAGE_STANDARD = gnu17;
				GCC_DYNAMIC_NO_PIC = NO;
				GCC_NO_COMMON_BLOCKS = YES;
				GCC_OPTIMIZATION_LEVEL = 0;
				GCC_PREPROCESSOR_DEFINITIONS = (
					"DEBUG=1",
					"$(inherited)",
				);
				GCC_WARN_64_TO_32_BIT_CONVERSION = YES;
				GCC_WARN_ABOUT_RETURN_TYPE = YES_ERROR;
				GCC_WARN_UNDECLARED_SELECTOR = YES;
				GCC_WARN_UNINITIALIZED_AUTOS = YES_AGGRESSIVE;
				GCC_WARN_UNUSED_FUNCTION = YES;
				GCC_WARN_UNUSED_VARIABLE = YES;
				IPHONEOS_DEPLOYMENT_TARGET = 15.0;
				LOCALIZATION_PREFERS_STRING_CATALOGS = YES;
				MTL_ENABLE_DEBUG_INFO = INCLUDE_SOURCE;
				MTL_FAST_MATH = YES;
				ONLY_ACTIVE_ARCH = YES;
				SDKROOT = iphoneos;
				SWIFT_ACTIVE_COMPILATION_CONDITIONS = "DEBUG $(inherited)";
				SWIFT_OPTIMIZATION_LEVEL = "-Onone";
			};
			name = Debug;
		};
		D30A7D942BE8F11500325A76 /* Release */ = {
			isa = XCBuildConfiguration;
			buildSettings = {
				ALWAYS_SEARCH_USER_PATHS = NO;
				ASSETCATALOG_COMPILER_GENERATE_SWIFT_ASSET_SYMBOL_EXTENSIONS = YES;
				CLANG_ANALYZER_NONNULL = YES;
				CLANG_ANALYZER_NUMBER_OBJECT_CONVERSION = YES_AGGRESSIVE;
				CLANG_CXX_LANGUAGE_STANDARD = "gnu++20";
				CLANG_ENABLE_MODULES = YES;
				CLANG_ENABLE_OBJC_ARC = YES;
				CLANG_ENABLE_OBJC_WEAK = YES;
				CLANG_WARN_BLOCK_CAPTURE_AUTORELEASING = YES;
				CLANG_WARN_BOOL_CONVERSION = YES;
				CLANG_WARN_COMMA = YES;
				CLANG_WARN_CONSTANT_CONVERSION = YES;
				CLANG_WARN_DEPRECATED_OBJC_IMPLEMENTATIONS = YES;
				CLANG_WARN_DIRECT_OBJC_ISA_USAGE = YES_ERROR;
				CLANG_WARN_DOCUMENTATION_COMMENTS = YES;
				CLANG_WARN_EMPTY_BODY = YES;
				CLANG_WARN_ENUM_CONVERSION = YES;
				CLANG_WARN_INFINITE_RECURSION = YES;
				CLANG_WARN_INT_CONVERSION = YES;
				CLANG_WARN_NON_LITERAL_NULL_CONVERSION = YES;
				CLANG_WARN_OBJC_IMPLICIT_RETAIN_SELF = YES;
				CLANG_WARN_OBJC_LITERAL_CONVERSION = YES;
				CLANG_WARN_OBJC_ROOT_CLASS = YES_ERROR;
				CLANG_WARN_QUOTED_INCLUDE_IN_FRAMEWORK_HEADER = YES;
				CLANG_WARN_RANGE_LOOP_ANALYSIS = YES;
				CLANG_WARN_STRICT_PROTOTYPES = YES;
				CLANG_WARN_SUSPICIOUS_MOVE = YES;
				CLANG_WARN_UNGUARDED_AVAILABILITY = YES_AGGRESSIVE;
				CLANG_WARN_UNREACHABLE_CODE = YES;
				CLANG_WARN__DUPLICATE_METHOD_MATCH = YES;
				COPY_PHASE_STRIP = NO;
				DEBUG_INFORMATION_FORMAT = "dwarf-with-dsym";
				ENABLE_NS_ASSERTIONS = NO;
				ENABLE_STRICT_OBJC_MSGSEND = YES;
				ENABLE_USER_SCRIPT_SANDBOXING = YES;
				GCC_C_LANGUAGE_STANDARD = gnu17;
				GCC_NO_COMMON_BLOCKS = YES;
				GCC_WARN_64_TO_32_BIT_CONVERSION = YES;
				GCC_WARN_ABOUT_RETURN_TYPE = YES_ERROR;
				GCC_WARN_UNDECLARED_SELECTOR = YES;
				GCC_WARN_UNINITIALIZED_AUTOS = YES_AGGRESSIVE;
				GCC_WARN_UNUSED_FUNCTION = YES;
				GCC_WARN_UNUSED_VARIABLE = YES;
				IPHONEOS_DEPLOYMENT_TARGET = 15.0;
				LOCALIZATION_PREFERS_STRING_CATALOGS = YES;
				MTL_ENABLE_DEBUG_INFO = NO;
				MTL_FAST_MATH = YES;
				SDKROOT = iphoneos;
				SWIFT_COMPILATION_MODE = wholemodule;
				VALIDATE_PRODUCT = YES;
			};
			name = Release;
		};
		D30A7D962BE8F11500325A76 /* Debug */ = {
			isa = XCBuildConfiguration;
			buildSettings = {
				ASSETCATALOG_COMPILER_APPICON_NAME = AppIcon;
				ASSETCATALOG_COMPILER_GLOBAL_ACCENT_COLOR_NAME = AccentColor;
				CODE_SIGN_STYLE = Automatic;
				CURRENT_PROJECT_VERSION = 1;
				DEVELOPMENT_TEAM = 9P4E3V49VJ;
				GENERATE_INFOPLIST_FILE = NO;
				INFOPLIST_FILE = subtitlify/Info.plist;
				LD_RUNPATH_SEARCH_PATHS = (
					"$(inherited)",
					"@executable_path/Frameworks",
				);
				MARKETING_VERSION = 0.0.1;
				PRODUCT_BUNDLE_IDENTIFIER = com.bengus.subtitlify;
				PRODUCT_NAME = "$(TARGET_NAME)";
				SUPPORTED_PLATFORMS = "iphoneos iphonesimulator";
				SUPPORTS_MACCATALYST = NO;
				SUPPORTS_MAC_DESIGNED_FOR_IPHONE_IPAD = NO;
				SWIFT_EMIT_LOC_STRINGS = YES;
				SWIFT_OBJC_BRIDGING_HEADER = "$(PROJECT_DIR)/subtitlify/subtitlify-Bridging-Header.h";
				SWIFT_VERSION = 5.0;
				TARGETED_DEVICE_FAMILY = "1,2";
			};
			name = Debug;
		};
		D30A7D972BE8F11500325A76 /* Release */ = {
			isa = XCBuildConfiguration;
			buildSettings = {
				ASSETCATALOG_COMPILER_APPICON_NAME = AppIcon;
				ASSETCATALOG_COMPILER_GLOBAL_ACCENT_COLOR_NAME = AccentColor;
				CODE_SIGN_STYLE = Automatic;
				CURRENT_PROJECT_VERSION = 1;
				DEVELOPMENT_TEAM = 9P4E3V49VJ;
				GENERATE_INFOPLIST_FILE = NO;
				INFOPLIST_FILE = subtitlify/Info.plist;
				LD_RUNPATH_SEARCH_PATHS = (
					"$(inherited)",
					"@executable_path/Frameworks",
				);
				MARKETING_VERSION = 0.0.1;
				PRODUCT_BUNDLE_IDENTIFIER = com.bengus.subtitlify;
				PRODUCT_NAME = "$(TARGET_NAME)";
				SUPPORTED_PLATFORMS = "iphoneos iphonesimulator";
				SUPPORTS_MACCATALYST = NO;
				SUPPORTS_MAC_DESIGNED_FOR_IPHONE_IPAD = NO;
				SWIFT_EMIT_LOC_STRINGS = YES;
				SWIFT_OBJC_BRIDGING_HEADER = "$(PROJECT_DIR)/subtitlify/subtitlify-Bridging-Header.h";
				SWIFT_VERSION = 5.0;
				TARGETED_DEVICE_FAMILY = "1,2";
			};
			name = Release;
		};
/* End XCBuildConfiguration section */

/* Begin XCConfigurationList section */
		D30A7D7C2BE8F11400325A76 /* Build configuration list for PBXProject "subtitlify" */ = {
			isa = XCConfigurationList;
			buildConfigurations = (
				D30A7D932BE8F11500325A76 /* Debug */,
				D30A7D942BE8F11500325A76 /* Release */,
			);
			defaultConfigurationIsVisible = 0;
			defaultConfigurationName = Release;
		};
		D30A7D952BE8F11500325A76 /* Build configuration list for PBXNativeTarget "subtitlify" */ = {
			isa = XCConfigurationList;
			buildConfigurations = (
				D30A7D962BE8F11500325A76 /* Debug */,
				D30A7D972BE8F11500325A76 /* Release */,
			);
			defaultConfigurationIsVisible = 0;
			defaultConfigurationName = Release;
		};
/* End XCConfigurationList section */

/* Begin XCRemoteSwiftPackageReference section */
		D30A7D9B2BE8F82C00325A76 /* XCRemoteSwiftPackageReference "PinLayout" */ = {
			isa = XCRemoteSwiftPackageReference;
			repositoryURL = "https://github.com/layoutBox/PinLayout";
			requirement = {
				kind = upToNextMajorVersion;
				minimumVersion = 1.10.5;
			};
		};
/* End XCRemoteSwiftPackageReference section */

/* Begin XCSwiftPackageProductDependency section */
		D30A7D9C2BE8F82C00325A76 /* PinLayout */ = {
			isa = XCSwiftPackageProductDependency;
			package = D30A7D9B2BE8F82C00325A76 /* XCRemoteSwiftPackageReference "PinLayout" */;
			productName = PinLayout;
		};
/* End XCSwiftPackageProductDependency section */
	};
	rootObject = D30A7D792BE8F11400325A76 /* Project object */;
}
